
Microsoft Visual Studio Solution File, Format Version 12.00
# Visual Studio Version 16
VisualStudioVersion = 16.0.28711.60
MinimumVisualStudioVersion = 10.0.40219.1
Project("{8BC9CEB8-8B4A-11D0-8D11-00A0C91BC942}") = "Algorithms", "Algorithms.vcxproj", "{0FABFB32-2885-4AC0-8E73-8FAD022183E9}"
EndProject
Global
	GlobalSection(SolutionConfigurationPlatforms) = preSolution
		Debug|x64 = Debug|x64
		Debug|x86 = Debug|x86
		Release|x64 = Release|x64
		Release|x86 = Release|x86
	EndGlobalSection
	GlobalSection(ProjectConfigurationPlatforms) = postSolution
		{0FABFB32-2885-4AC0-8E73-8FAD022183E9}.Debug|x64.ActiveCfg = Debug|x64
		{0FABFB32-2885-4AC0-8E73-8FAD022183E9}.Debug|x64.Build.0 = Debug|x64
		{0FABFB32-2885-4AC0-8E73-8FAD022183E9}.Debug|x86.ActiveCfg = Debug|Win32
		{0FABFB32-2885-4AC0-8E73-8FAD022183E9}.Debug|x86.Build.0 = Debug|Win32
		{0FABFB32-2885-4AC0-8E73-8FAD022183E9}.Release|x64.ActiveCfg = Release|x64
		{0FABFB32-2885-4AC0-8E73-8FAD022183E9}.Release|x64.Build.0 = Release|x64
		{0FABFB32-2885-4AC0-8E73-8FAD022183E9}.Release|x86.ActiveCfg = Release|Win32
		{0FABFB32-2885-4AC0-8E73-8FAD022183E9}.Release|x86.Build.0 = Release|Win32
	EndGlobalSection
	GlobalSection(SolutionProperties) = preSolution
		HideSolutionNode = FALSE
	EndGlobalSection
	GlobalSection(ExtensibilityGlobals) = postSolution
		SolutionGuid = {167F4150-CA76-43C7-A36C-EC7B00E2D49E}
	EndGlobalSection
EndGlobal
